
Microsoft Visual Studio Solution File, Format Version 12.00
# Visual Studio 15
VisualStudioVersion = 15.0.28307.757
MinimumVisualStudioVersion = 10.0.40219.1
Project("{262852C6-CD72-467D-83FE-5EEB1973A190}") = "DrPintoMobileApp", "DrPintoMobileApp.jsproj", "{A5BFB8B8-BD67-4A1E-B4D6-DC21662C79C0}"
EndProject
Global
	GlobalSection(SolutionConfigurationPlatforms) = preSolution
		Debug|Android = Debug|Android
		Debug|iOS = Debug|iOS
		Debug|Windows-ARM = Debug|Windows-ARM
		Debug|Windows-x64 = Debug|Windows-x64
		Debug|Windows-x86 = Debug|Windows-x86
		Release|Android = Release|Android
		Release|iOS = Release|iOS
		Release|Windows-ARM = Release|Windows-ARM
		Release|Windows-x64 = Release|Windows-x64
		Release|Windows-x86 = Release|Windows-x86
	EndGlobalSection
	GlobalSection(ProjectConfigurationPlatforms) = postSolution
		{A5BFB8B8-BD67-4A1E-B4D6-DC21662C79C0}.Debug|Android.ActiveCfg = Debug|Android
		{A5BFB8B8-BD67-4A1E-B4D6-DC21662C79C0}.Debug|Android.Build.0 = Debug|Android
		{A5BFB8B8-BD67-4A1E-B4D6-DC21662C79C0}.Debug|Android.Deploy.0 = Debug|Android
		{A5BFB8B8-BD67-4A1E-B4D6-DC21662C79C0}.Debug|iOS.ActiveCfg = Debug|iOS
		{A5BFB8B8-BD67-4A1E-B4D6-DC21662C79C0}.Debug|iOS.Build.0 = Debug|iOS
		{A5BFB8B8-BD67-4A1E-B4D6-DC21662C79C0}.Debug|iOS.Deploy.0 = Debug|iOS
		{A5BFB8B8-BD67-4A1E-B4D6-DC21662C79C0}.Debug|Windows-ARM.ActiveCfg = Debug|Windows-ARM
		{A5BFB8B8-BD67-4A1E-B4D6-DC21662C79C0}.Debug|Windows-ARM.Build.0 = Debug|Windows-ARM
		{A5BFB8B8-BD67-4A1E-B4D6-DC21662C79C0}.Debug|Windows-ARM.Deploy.0 = Debug|Windows-ARM
		{A5BFB8B8-BD67-4A1E-B4D6-DC21662C79C0}.Debug|Windows-x64.ActiveCfg = Debug|Windows-x64
		{A5BFB8B8-BD67-4A1E-B4D6-DC21662C79C0}.Debug|Windows-x64.Build.0 = Debug|Windows-x64
		{A5BFB8B8-BD67-4A1E-B4D6-DC21662C79C0}.Debug|Windows-x64.Deploy.0 = Debug|Windows-x64
		{A5BFB8B8-BD67-4A1E-B4D6-DC21662C79C0}.Debug|Windows-x86.ActiveCfg = Debug|Windows-x86
		{A5BFB8B8-BD67-4A1E-B4D6-DC21662C79C0}.Debug|Windows-x86.Build.0 = Debug|Windows-x86
		{A5BFB8B8-BD67-4A1E-B4D6-DC21662C79C0}.Debug|Windows-x86.Deploy.0 = Debug|Windows-x86
		{A5BFB8B8-BD67-4A1E-B4D6-DC21662C79C0}.Release|Android.ActiveCfg = Release|Android
		{A5BFB8B8-BD67-4A1E-B4D6-DC21662C79C0}.Release|Android.Build.0 = Release|Android
		{A5BFB8B8-BD67-4A1E-B4D6-DC21662C79C0}.Release|Android.Deploy.0 = Release|Android
		{A5BFB8B8-BD67-4A1E-B4D6-DC21662C79C0}.Release|iOS.ActiveCfg = Release|iOS
		{A5BFB8B8-BD67-4A1E-B4D6-DC21662C79C0}.Release|iOS.Build.0 = Release|iOS
		{A5BFB8B8-BD67-4A1E-B4D6-DC21662C79C0}.Release|iOS.Deploy.0 = Release|iOS
		{A5BFB8B8-BD67-4A1E-B4D6-DC21662C79C0}.Release|Windows-ARM.ActiveCfg = Release|Windows-ARM
		{A5BFB8B8-BD67-4A1E-B4D6-DC21662C79C0}.Release|Windows-ARM.Build.0 = Release|Windows-ARM
		{A5BFB8B8-BD67-4A1E-B4D6-DC21662C79C0}.Release|Windows-ARM.Deploy.0 = Release|Windows-ARM
		{A5BFB8B8-BD67-4A1E-B4D6-DC21662C79C0}.Release|Windows-x64.ActiveCfg = Release|Windows-x64
		{A5BFB8B8-BD67-4A1E-B4D6-DC21662C79C0}.Release|Windows-x64.Build.0 = Release|Windows-x64
		{A5BFB8B8-BD67-4A1E-B4D6-DC21662C79C0}.Release|Windows-x64.Deploy.0 = Release|Windows-x64
		{A5BFB8B8-BD67-4A1E-B4D6-DC21662C79C0}.Release|Windows-x86.ActiveCfg = Release|Windows-x86
		{A5BFB8B8-BD67-4A1E-B4D6-DC21662C79C0}.Release|Windows-x86.Build.0 = Release|Windows-x86
		{A5BFB8B8-BD67-4A1E-B4D6-DC21662C79C0}.Release|Windows-x86.Deploy.0 = Release|Windows-x86
	EndGlobalSection
	GlobalSection(SolutionProperties) = preSolution
		HideSolutionNode = FALSE
	EndGlobalSection
	GlobalSection(ExtensibilityGlobals) = postSolution
		SolutionGuid = {88B97887-E4B5-4B35-836A-03A58B06285F}
	EndGlobalSection
EndGlobal
